
Microsoft Visual Studio Solution File, Format Version 12.00
# Visual Studio Version 17
VisualStudioVersion = 17.11.35208.52
MinimumVisualStudioVersion = 10.0.40219.1
Project("{FAE04EC0-301F-11D3-BF4B-00C04F79EFBC}") = "LibraryManagementSystem", "LibraryManagementSystem\LibraryManagementSystem.csproj", "{B55D847D-B73D-4252-9818-07813E98B921}"
EndProject
Global
	GlobalSection(SolutionConfigurationPlatforms) = preSolution
		Debug|Any CPU = Debug|Any CPU
		Release|Any CPU = Release|Any CPU
	EndGlobalSection
	GlobalSection(ProjectConfigurationPlatforms) = postSolution
		{B55D847D-B73D-4252-9818-07813E98B921}.Debug|Any CPU.ActiveCfg = Debug|Any CPU
		{B55D847D-B73D-4252-9818-07813E98B921}.Debug|Any CPU.Build.0 = Debug|Any CPU
		{B55D847D-B73D-4252-9818-07813E98B921}.Release|Any CPU.ActiveCfg = Release|Any CPU
		{B55D847D-B73D-4252-9818-07813E98B921}.Release|Any CPU.Build.0 = Release|Any CPU
	EndGlobalSection
	GlobalSection(SolutionProperties) = preSolution
		HideSolutionNode = FALSE
	EndGlobalSection
	GlobalSection(ExtensibilityGlobals) = postSolution
		SolutionGuid = {9504ED6E-517B-44DC-B31F-DA3E05FE53DB}
	EndGlobalSection
EndGlobal
